
Microsoft Visual Studio Solution File, Format Version 12.00
# Visual Studio 15
VisualStudioVersion = 15.0.28307.645
MinimumVisualStudioVersion = 10.0.40219.1
Project("{FAE04EC0-301F-11D3-BF4B-00C04F79EFBC}") = "E_Class", "E_Class\E_Class.csproj", "{4B84F148-B92F-49E2-AC14-532FA7DF6C40}"
EndProject
Global
	GlobalSection(SolutionConfigurationPlatforms) = preSolution
		Debug|Any CPU = Debug|Any CPU
		Release|Any CPU = Release|Any CPU
	EndGlobalSection
	GlobalSection(ProjectConfigurationPlatforms) = postSolution
		{4B84F148-B92F-49E2-AC14-532FA7DF6C40}.Debug|Any CPU.ActiveCfg = Debug|Any CPU
		{4B84F148-B92F-49E2-AC14-532FA7DF6C40}.Debug|Any CPU.Build.0 = Debug|Any CPU
		{4B84F148-B92F-49E2-AC14-532FA7DF6C40}.Release|Any CPU.ActiveCfg = Release|Any CPU
		{4B84F148-B92F-49E2-AC14-532FA7DF6C40}.Release|Any CPU.Build.0 = Release|Any CPU
	EndGlobalSection
	GlobalSection(SolutionProperties) = preSolution
		HideSolutionNode = FALSE
	EndGlobalSection
	GlobalSection(ExtensibilityGlobals) = postSolution
		SolutionGuid = {819D340C-35A1-4098-8E2E-00AB99212204}
	EndGlobalSection
EndGlobal
